
Microsoft Visual Studio Solution File, Format Version 12.00
# Visual Studio Version 16
VisualStudioVersion = 16.0.810.19
MinimumVisualStudioVersion = 10.0.40219.1
Project("{FAE04EC0-301F-11D3-BF4B-00C04F79EFBC}") = "CrowEngine", "CrowEngine.csproj", "{F1B6CBE7-A52E-433A-9E83-83700744B4D8}"
EndProject
Global
	GlobalSection(SolutionConfigurationPlatforms) = preSolution
		Debug|Any CPU = Debug|Any CPU
		Release|Any CPU = Release|Any CPU
	EndGlobalSection
	GlobalSection(ProjectConfigurationPlatforms) = postSolution
		{F1B6CBE7-A52E-433A-9E83-83700744B4D8}.Debug|Any CPU.ActiveCfg = Debug|Any CPU
		{F1B6CBE7-A52E-433A-9E83-83700744B4D8}.Debug|Any CPU.Build.0 = Debug|Any CPU
		{F1B6CBE7-A52E-433A-9E83-83700744B4D8}.Release|Any CPU.ActiveCfg = Release|Any CPU
		{F1B6CBE7-A52E-433A-9E83-83700744B4D8}.Release|Any CPU.Build.0 = Release|Any CPU
	EndGlobalSection
	GlobalSection(SolutionProperties) = preSolution
		HideSolutionNode = FALSE
	EndGlobalSection
	GlobalSection(ExtensibilityGlobals) = postSolution
		SolutionGuid = {A61DE7E8-61EB-4296-AA2E-B88BF3C33063}
	EndGlobalSection
EndGlobal
